<?xml version="1.0" encoding="utf-8"?>
<Project ToolsVersion="4.0" xmlns="http://schemas.microsoft.com/developer/msbuild/2003">
  <ItemGroup>
    <Filter Include="Source Files">
      <UniqueIdentifier>{4FC737F1-C7A5-4376-A066-2A32D752A2FF}</UniqueIdentifier>
      <Extensions>cpp;c;cc;cxx;def;odl;idl;hpj;bat;asm;asmx</Extensions>
    </Filter>
    <Filter Include="Header Files">
      <UniqueIdentifier>{93995380-89BD-4b04-88EB-625FBE52EBFB}</UniqueIdentifier>
      <Extensions>h;hh;hpp;hxx;hm;inl;inc;xsd</Extensions>
    </Filter>
    <Filter Include="Resource Files">
      <UniqueIdentifier>{67DA6AB6-F800-4c08-8B7A-83BB121AAD01}</UniqueIdentifier>
      <Extensions>rc;ico;cur;bmp;dlg;rc2;rct;bin;rgs;gif;jpg;jpeg;jpe;resx;tiff;tif;png;wav;mfcribbon-ms</Extensions>
    </Filter>
    <Filter Include="Header Files\windows">
      <UniqueIdentifier>{8045a310-f3db-49c4-92cc-40ac2324945d}</UniqueIdentifier>
    </Filter>
    <Filter Include="Resource Files\Shaders">
      <UniqueIdentifier>{04eb769a-d9a7-49fe-a8b1-c5809001510c}</UniqueIdentifier>
    </Filter>
    <Filter Include="Source Files\levels">
      <UniqueIdentifier>{38ea5ca7-4de6-4346-b22e-0c35264a673d}</UniqueIdentifier>
    </Filter>
    <Filter Include="Resource Files\Shaders\Bloom">
      <UniqueIdentifier>{7e2e96b0-a276-42eb-83d2-e993bd64ec64}</UniqueIdentifier>
    </Filter>
    <Filter Include="Resource Files\Shaders\Toon">
      <UniqueIdentifier>{4dfafbf7-f9f5-4fb1-97b6-7ecc8dd349cc}</UniqueIdentifier>
    </Filter>
    <Filter Include="Resource Files\Shaders\Particles">
      <UniqueIdentifier>{535ab485-db47-4757-a970-2ee3a5538323}</UniqueIdentifier>
    </Filter>
    <Filter Include="Header Files\Media">
      <UniqueIdentifier>{f1e2c308-8ace-4bb3-9f32-5071eaf36036}</UniqueIdentifier>
    </Filter>
    <Filter Include="Header Files\Levels">
      <UniqueIdentifier>{c5d2f34b-86cb-4779-a855-b9e15fac0ed1}</UniqueIdentifier>
    </Filter>
    <Filter Include="Source Files\media">
      <UniqueIdentifier>{c4af74cf-1599-4800-8177-b082a7c556bf}</UniqueIdentifier>
    </Filter>
  </ItemGroup>
  <ItemGroup>
    <Text Include="ReadMe.txt" />
  </ItemGroup>
  <ItemGroup>
    <ClInclude Include="Resource.h">
      <Filter>Header Files\windows</Filter>
    </ClInclude>
    <ClInclude Include="stdafx.h">
      <Filter>Header Files\windows</Filter>
    </ClInclude>
    <ClInclude Include="targetver.h">
      <Filter>Header Files\windows</Filter>
    </ClInclude>
    <ClInclude Include="main.h">
      <Filter>Header Files\windows</Filter>
    </ClInclude>
    <ClInclude Include="player.h">
      <Filter>Header Files</Filter>
    </ClInclude>
    <ClInclude Include="resource1.h">
      <Filter>Header Files</Filter>
    </ClInclude>
    <ClInclude Include="bulletcar.h">
      <Filter>Header Files\Media</Filter>
    </ClInclude>
    <ClInclude Include="cfmod.h">
      <Filter>Header Files\Media</Filter>
    </ClInclude>
    <ClInclude Include="object.h">
      <Filter>Header Files\Media</Filter>
    </ClInclude>
    <ClInclude Include="media.h">
      <Filter>Header Files\Media</Filter>
    </ClInclude>
    <ClInclude Include="framebuffer.h">
      <Filter>Header Files\Media</Filter>
    </ClInclude>
    <ClInclude Include="shaders.h">
      <Filter>Header Files\Media</Filter>
    </ClInclude>
    <ClInclude Include="ParticleEffect.h">
      <Filter>Header Files\Media</Filter>
    </ClInclude>
    <ClInclude Include="opengl_app.h">
      <Filter>Header Files\windows</Filter>
    </ClInclude>
    <ClInclude Include="opengl_control.h">
      <Filter>Header Files\windows</Filter>
    </ClInclude>
    <ClInclude Include="levels.h">
      <Filter>Header Files\Levels</Filter>
    </ClInclude>
    <ClInclude Include="Random.h">
      <Filter>Header Files\Media</Filter>
    </ClInclude>
    <ClInclude Include="debug.h">
      <Filter>Header Files\Media</Filter>
    </ClInclude>
    <ClInclude Include="enemies.h">
      <Filter>Header Files\Media</Filter>
    </ClInclude>
    <ClInclude Include="pathfinding.h">
      <Filter>Header Files\Media</Filter>
    </ClInclude>
    <ClInclude Include="mainmenu.h">
      <Filter>Header Files\Levels</Filter>
    </ClInclude>
  </ItemGroup>
  <ItemGroup>
    <ClCompile Include="stdafx.cpp">
      <Filter>Source Files</Filter>
    </ClCompile>
    <ClCompile Include="opengl_control.cpp">
      <Filter>Source Files</Filter>
    </ClCompile>
    <ClCompile Include="player.cpp">
      <Filter>Source Files</Filter>
    </ClCompile>
    <ClCompile Include="lvl_tutorial1.cpp">
      <Filter>Source Files\levels</Filter>
    </ClCompile>
    <ClCompile Include="lvl_level1.cpp">
      <Filter>Source Files\levels</Filter>
    </ClCompile>
    <ClCompile Include="mainmenu.cpp">
      <Filter>Source Files\levels</Filter>
    </ClCompile>
    <ClCompile Include="main.cpp">
      <Filter>Source Files\levels</Filter>
    </ClCompile>
    <ClCompile Include="render.cpp">
      <Filter>Source Files\levels</Filter>
    </ClCompile>
    <ClCompile Include="bulletcar.cpp">
      <Filter>Source Files\media</Filter>
    </ClCompile>
    <ClCompile Include="cfmod.cpp">
      <Filter>Source Files\media</Filter>
    </ClCompile>
    <ClCompile Include="debug.cpp">
      <Filter>Source Files\media</Filter>
    </ClCompile>
    <ClCompile Include="object.cpp">
      <Filter>Source Files\media</Filter>
    </ClCompile>
    <ClCompile Include="media.cpp">
      <Filter>Source Files\media</Filter>
    </ClCompile>
    <ClCompile Include="ParticleEffect.cpp">
      <Filter>Source Files\media</Filter>
    </ClCompile>
    <ClCompile Include="Random.cpp">
      <Filter>Source Files\media</Filter>
    </ClCompile>
    <ClCompile Include="shaders.cpp">
      <Filter>Source Files\media</Filter>
    </ClCompile>
    <ClCompile Include="frambuffer.cpp">
      <Filter>Source Files\media</Filter>
    </ClCompile>
    <ClCompile Include="enemies.cpp">
      <Filter>Source Files\media</Filter>
    </ClCompile>
    <ClCompile Include="pathfinding.cpp">
      <Filter>Source Files\media</Filter>
    </ClCompile>
    <ClCompile Include="lvl_blowup.cpp">
      <Filter>Source Files\levels</Filter>
    </ClCompile>
  </ItemGroup>
  <ItemGroup>
    <None Include="Assets\Shaders\Debug.frag">
      <Filter>Resource Files\Shaders</Filter>
    </None>
    <None Include="Assets\Shaders\DirectionalBasic.frag">
      <Filter>Resource Files\Shaders</Filter>
    </None>
    <None Include="Assets\Shaders\PassThrough.vert">
      <Filter>Resource Files\Shaders</Filter>
    </None>
    <None Include="Assets\Shaders\StaticGeometry.vert">
      <Filter>Resource Files\Shaders</Filter>
    </None>
    <None Include="Assets\Shaders\Bloom\BloomComposite.frag">
      <Filter>Resource Files\Shaders\Bloom</Filter>
    </None>
    <None Include="Assets\Shaders\Bloom\BloomHighPass.frag">
      <Filter>Resource Files\Shaders\Bloom</Filter>
    </None>
    <None Include="Assets\Shaders\Bloom\BlurHorizontal.frag">
      <Filter>Resource Files\Shaders\Bloom</Filter>
    </None>
    <None Include="Assets\Shaders\Bloom\BlurVertical.frag">
      <Filter>Resource Files\Shaders\Bloom</Filter>
    </None>
    <None Include="Assets\Shaders\PassThrough.frag">
      <Filter>Resource Files\Shaders</Filter>
    </None>
    <None Include="Assets\Shaders\Toon\ToonBasic.frag">
      <Filter>Resource Files\Shaders\Toon</Filter>
    </None>
    <None Include="Assets\Shaders\Particles\Billboard.geom">
      <Filter>Resource Files\Shaders\Particles</Filter>
    </None>
    <None Include="Assets\Shaders\Particles\Billboard.vert">
      <Filter>Resource Files\Shaders\Particles</Filter>
    </None>
    <None Include="Assets\Shaders\Particles\Billboard.frag">
      <Filter>Resource Files\Shaders\Particles</Filter>
    </None>
  </ItemGroup>
  <ItemGroup>
    <ResourceCompile Include="Year2CarGame.rc">
      <Filter>Resource Files</Filter>
    </ResourceCompile>
  </ItemGroup>
  <ItemGroup>
    <Image Include="icon1.ico">
      <Filter>Resource Files</Filter>
    </Image>
  </ItemGroup>
</Project>